{
  "name": "typst-ssg",
  "version": "0.1.1",
  "lockfileVersion": 3,
  "requires": true,
  "packages": {
    "": {
      "name": "typst-ssg",
      "version": "0.1.1",
      "license": "MIT",
      "dependencies": {
        "@embedpdf/pdfium": "^1.5.0",
        "chokidar": "^4.0.1",
        "commander": "^12.1.0"
      },
      "bin": {
        "tssg": "bin/tssg"
      },
      "engines": {
        "node": ">=18.0.0"
      }
    },
    "node_modules/@embedpdf/pdfium": {
      "version": "1.5.0",
      "resolved": "https://registry.npmjs.org/@embedpdf/pdfium/-/pdfium-1.5.0.tgz",
      "integrity": "sha512-PI32t2U4ThZC907n2Iwr8E5WqmC574G83u3V9ysNFl29N9kasrY9RiLSzU4W/yQvXPjIbpQHBsbMKXLjCFBI9w=="
    },
    "node_modules/chokidar": {
      "version": "4.0.3",
      "resolved": "https://registry.npmjs.org/chokidar/-/chokidar-4.0.3.tgz",
      "integrity": "sha512-Qgzu8kfBvo+cA4962jnP1KkS6Dop5NS6g7R5LFYJr4b8Ub94PPQXUksCw9PvXoeXPRRddRNC5C1JQUR2SMGtnA==",
      "dependencies": {
        "readdirp": "^4.0.1"
      },
      "engines": {
        "node": ">= 14.16.0"
      },
      "funding": {
        "url": "https://paulmillr.com/funding/"
      }
    },
    "node_modules/commander": {
      "version": "12.1.0",
      "resolved": "https://registry.npmjs.org/commander/-/commander-12.1.0.tgz",
      "integrity": "sha512-Vw8qHK3bZM9y/P10u3Vib8o/DdkvA2OtPtZvD871QKjy74Wj1WSKFILMPRPSdUSx5RFK1arlJzEtA4PkFgnbuA==",
      "engines": {
        "node": ">=18"
      }
    },
    "node_modules/readdirp": {
      "version": "4.1.2",
      "resolved": "https://registry.npmjs.org/readdirp/-/readdirp-4.1.2.tgz",
      "integrity": "sha512-GDhwkLfywWL2s6vEjyhri+eXmfH6j1L7JE27WhqLeYzoh/A3DBaYGEj2H/HFZCn/kMfim73FXxEJTw06WtxQwg==",
      "engines": {
        "node": ">= 14.18.0"
      },
      "funding": {
        "type": "individual",
        "url": "https://paulmillr.com/funding/"
      }
    }
  }
}
